// !$*UTF8*$!
{
	archiveVersion = 1;
	classes = {
	};
	objectVersion = 46;
	objects = {

/* Begin PBXBuildFile section */
		1D307E0618D595C0006DBFE5 /* circle.png in Resources */ = {isa = PBXBuildFile; fileRef = 1D307E0518D595C0006DBFE5 /* circle.png */; };
		1D307E0918D5CE1C006DBFE5 /* CABasicAnimation+Block.m in Sources */ = {isa = PBXBuildFile; fileRef = 1D307E0818D5CE1C006DBFE5 /* CABasicAnimation+Block.m */; };
		1D307E2218D5F06B006DBFE5 /* AFHTTPRequestOperation.m in Sources */ = {isa = PBXBuildFile; fileRef = 1D307E0E18D5F06B006DBFE5 /* AFHTTPRequestOperation.m */; };
		1D307E2318D5F06B006DBFE5 /* AFHTTPRequestOperationManager.m in Sources */ = {isa = PBXBuildFile; fileRef = 1D307E1018D5F06B006DBFE5 /* AFHTTPRequestOperationManager.m */; };
		1D307E2418D5F06B006DBFE5 /* AFHTTPSessionManager.m in Sources */ = {isa = PBXBuildFile; fileRef = 1D307E1218D5F06B006DBFE5 /* AFHTTPSessionManager.m */; };
		1D307E2518D5F06B006DBFE5 /* AFNetworkReachabilityManager.m in Sources */ = {isa = PBXBuildFile; fileRef = 1D307E1518D5F06B006DBFE5 /* AFNetworkReachabilityManager.m */; };
		1D307E2618D5F06B006DBFE5 /* AFSecurityPolicy.m in Sources */ = {isa = PBXBuildFile; fileRef = 1D307E1718D5F06B006DBFE5 /* AFSecurityPolicy.m */; };
		1D307E2718D5F06B006DBFE5 /* AFURLConnectionOperation.m in Sources */ = {isa = PBXBuildFile; fileRef = 1D307E1918D5F06B006DBFE5 /* AFURLConnectionOperation.m */; };
		1D307E2818D5F06B006DBFE5 /* AFURLRequestSerialization.m in Sources */ = {isa = PBXBuildFile; fileRef = 1D307E1B18D5F06B006DBFE5 /* AFURLRequestSerialization.m */; };
		1D307E2918D5F06B006DBFE5 /* AFURLResponseSerialization.m in Sources */ = {isa = PBXBuildFile; fileRef = 1D307E1D18D5F06B006DBFE5 /* AFURLResponseSerialization.m */; };
		1D307E2A18D5F06B006DBFE5 /* AFURLSessionManager.m in Sources */ = {isa = PBXBuildFile; fileRef = 1D307E1F18D5F06B006DBFE5 /* AFURLSessionManager.m */; };
		1D307E2B18D5F06B006DBFE5 /* UIImageView+AFNetworking.m in Sources */ = {isa = PBXBuildFile; fileRef = 1D307E2118D5F06B006DBFE5 /* UIImageView+AFNetworking.m */; };
		1D5E87E318D0AA9B002503D5 /* Foundation.framework in Frameworks */ = {isa = PBXBuildFile; fileRef = 1D5E87E218D0AA9B002503D5 /* Foundation.framework */; };
		1D5E87E518D0AA9B002503D5 /* CoreGraphics.framework in Frameworks */ = {isa = PBXBuildFile; fileRef = 1D5E87E418D0AA9B002503D5 /* CoreGraphics.framework */; };
		1D5E87E718D0AA9B002503D5 /* UIKit.framework in Frameworks */ = {isa = PBXBuildFile; fileRef = 1D5E87E618D0AA9B002503D5 /* UIKit.framework */; };
		1D5E87ED18D0AA9B002503D5 /* InfoPlist.strings in Resources */ = {isa = PBXBuildFile; fileRef = 1D5E87EB18D0AA9B002503D5 /* InfoPlist.strings */; };
		1D5E87EF18D0AA9B002503D5 /* main.m in Sources */ = {isa = PBXBuildFile; fileRef = 1D5E87EE18D0AA9B002503D5 /* main.m */; };
		1D5E87F318D0AA9B002503D5 /* AppDelegate.m in Sources */ = {isa = PBXBuildFile; fileRef = 1D5E87F218D0AA9B002503D5 /* AppDelegate.m */; };
		1D5E87F618D0AA9B002503D5 /* Main.storyboard in Resources */ = {isa = PBXBuildFile; fileRef = 1D5E87F418D0AA9B002503D5 /* Main.storyboard */; };
		1D5E87F918D0AA9B002503D5 /* ViewController.m in Sources */ = {isa = PBXBuildFile; fileRef = 1D5E87F818D0AA9B002503D5 /* ViewController.m */; };
		1D5E87FB18D0AA9B002503D5 /* Images.xcassets in Resources */ = {isa = PBXBuildFile; fileRef = 1D5E87FA18D0AA9B002503D5 /* Images.xcassets */; };
		1D5E880218D0AA9B002503D5 /* XCTest.framework in Frameworks */ = {isa = PBXBuildFile; fileRef = 1D5E880118D0AA9B002503D5 /* XCTest.framework */; };
		1D5E880318D0AA9B002503D5 /* Foundation.framework in Frameworks */ = {isa = PBXBuildFile; fileRef = 1D5E87E218D0AA9B002503D5 /* Foundation.framework */; };
		1D5E880418D0AA9B002503D5 /* UIKit.framework in Frameworks */ = {isa = PBXBuildFile; fileRef = 1D5E87E618D0AA9B002503D5 /* UIKit.framework */; };
		1D5E880C18D0AA9B002503D5 /* InfoPlist.strings in Resources */ = {isa = PBXBuildFile; fileRef = 1D5E880A18D0AA9B002503D5 /* InfoPlist.strings */; };
		1D5E880E18D0AA9B002503D5 /* SegueTests.m in Sources */ = {isa = PBXBuildFile; fileRef = 1D5E880D18D0AA9B002503D5 /* SegueTests.m */; };
		1D5E881C18D0AB26002503D5 /* Second_VC.m in Sources */ = {isa = PBXBuildFile; fileRef = 1D5E881B18D0AB26002503D5 /* Second_VC.m */; };
/* End PBXBuildFile section */

/* Begin PBXContainerItemProxy section */
		1D5E880518D0AA9B002503D5 /* PBXContainerItemProxy */ = {
			isa = PBXContainerItemProxy;
			containerPortal = 1D5E87D718D0AA9B002503D5 /* Project object */;
			proxyType = 1;
			remoteGlobalIDString = 1D5E87DE18D0AA9B002503D5;
			remoteInfo = Segue;
		};
/* End PBXContainerItemProxy section */

/* Begin PBXFileReference section */
		1D307E0518D595C0006DBFE5 /* circle.png */ = {isa = PBXFileReference; lastKnownFileType = image.png; path = circle.png; sourceTree = "<group>"; };
		1D307E0718D5CE1C006DBFE5 /* CABasicAnimation+Block.h */ = {isa = PBXFileReference; fileEncoding = 4; lastKnownFileType = sourcecode.c.h; path = "CABasicAnimation+Block.h"; sourceTree = "<group>"; };
		1D307E0818D5CE1C006DBFE5 /* CABasicAnimation+Block.m */ = {isa = PBXFileReference; fileEncoding = 4; lastKnownFileType = sourcecode.c.objc; path = "CABasicAnimation+Block.m"; sourceTree = "<group>"; };
		1D307E0D18D5F06B006DBFE5 /* AFHTTPRequestOperation.h */ = {isa = PBXFileReference; fileEncoding = 4; lastKnownFileType = sourcecode.c.h; path = AFHTTPRequestOperation.h; sourceTree = "<group>"; };
		1D307E0E18D5F06B006DBFE5 /* AFHTTPRequestOperation.m */ = {isa = PBXFileReference; fileEncoding = 4; lastKnownFileType = sourcecode.c.objc; path = AFHTTPRequestOperation.m; sourceTree = "<group>"; };
		1D307E0F18D5F06B006DBFE5 /* AFHTTPRequestOperationManager.h */ = {isa = PBXFileReference; fileEncoding = 4; lastKnownFileType = sourcecode.c.h; path = AFHTTPRequestOperationManager.h; sourceTree = "<group>"; };
		1D307E1018D5F06B006DBFE5 /* AFHTTPRequestOperationManager.m */ = {isa = PBXFileReference; fileEncoding = 4; lastKnownFileType = sourcecode.c.objc; path = AFHTTPRequestOperationManager.m; sourceTree = "<group>"; };
		1D307E1118D5F06B006DBFE5 /* AFHTTPSessionManager.h */ = {isa = PBXFileReference; fileEncoding = 4; lastKnownFileType = sourcecode.c.h; path = AFHTTPSessionManager.h; sourceTree = "<group>"; };
		1D307E1218D5F06B006DBFE5 /* AFHTTPSessionManager.m */ = {isa = PBXFileReference; fileEncoding = 4; lastKnownFileType = sourcecode.c.objc; path = AFHTTPSessionManager.m; sourceTree = "<group>"; };
		1D307E1318D5F06B006DBFE5 /* AFNetworking.h */ = {isa = PBXFileReference; fileEncoding = 4; lastKnownFileType = sourcecode.c.h; path = AFNetworking.h; sourceTree = "<group>"; };
		1D307E1418D5F06B006DBFE5 /* AFNetworkReachabilityManager.h */ = {isa = PBXFileReference; fileEncoding = 4; lastKnownFileType = sourcecode.c.h; path = AFNetworkReachabilityManager.h; sourceTree = "<group>"; };
		1D307E1518D5F06B006DBFE5 /* AFNetworkReachabilityManager.m */ = {isa = PBXFileReference; fileEncoding = 4; lastKnownFileType = sourcecode.c.objc; path = AFNetworkReachabilityManager.m; sourceTree = "<group>"; };
		1D307E1618D5F06B006DBFE5 /* AFSecurityPolicy.h */ = {isa = PBXFileReference; fileEncoding = 4; lastKnownFileType = sourcecode.c.h; path = AFSecurityPolicy.h; sourceTree = "<group>"; };
		1D307E1718D5F06B006DBFE5 /* AFSecurityPolicy.m */ = {isa = PBXFileReference; fileEncoding = 4; lastKnownFileType = sourcecode.c.objc; path = AFSecurityPolicy.m; sourceTree = "<group>"; };
		1D307E1818D5F06B006DBFE5 /* AFURLConnectionOperation.h */ = {isa = PBXFileReference; fileEncoding = 4; lastKnownFileType = sourcecode.c.h; path = AFURLConnectionOperation.h; sourceTree = "<group>"; };
		1D307E1918D5F06B006DBFE5 /* AFURLConnectionOperation.m */ = {isa = PBXFileReference; fileEncoding = 4; lastKnownFileType = sourcecode.c.objc; path = AFURLConnectionOperation.m; sourceTree = "<group>"; };
		1D307E1A18D5F06B006DBFE5 /* AFURLRequestSerialization.h */ = {isa = PBXFileReference; fileEncoding = 4; lastKnownFileType = sourcecode.c.h; path = AFURLRequestSerialization.h; sourceTree = "<group>"; };
		1D307E1B18D5F06B006DBFE5 /* AFURLRequestSerialization.m */ = {isa = PBXFileReference; fileEncoding = 4; lastKnownFileType = sourcecode.c.objc; path = AFURLRequestSerialization.m; sourceTree = "<group>"; };
		1D307E1C18D5F06B006DBFE5 /* AFURLResponseSerialization.h */ = {isa = PBXFileReference; fileEncoding = 4; lastKnownFileType = sourcecode.c.h; path = AFURLResponseSerialization.h; sourceTree = "<group>"; };
		1D307E1D18D5F06B006DBFE5 /* AFURLResponseSerialization.m */ = {isa = PBXFileReference; fileEncoding = 4; lastKnownFileType = sourcecode.c.objc; path = AFURLResponseSerialization.m; sourceTree = "<group>"; };
		1D307E1E18D5F06B006DBFE5 /* AFURLSessionManager.h */ = {isa = PBXFileReference; fileEncoding = 4; lastKnownFileType = sourcecode.c.h; path = AFURLSessionManager.h; sourceTree = "<group>"; };
		1D307E1F18D5F06B006DBFE5 /* AFURLSessionManager.m */ = {isa = PBXFileReference; fileEncoding = 4; lastKnownFileType = sourcecode.c.objc; path = AFURLSessionManager.m; sourceTree = "<group>"; };
		1D307E2018D5F06B006DBFE5 /* UIImageView+AFNetworking.h */ = {isa = PBXFileReference; fileEncoding = 4; lastKnownFileType = sourcecode.c.h; path = "UIImageView+AFNetworking.h"; sourceTree = "<group>"; };
		1D307E2118D5F06B006DBFE5 /* UIImageView+AFNetworking.m */ = {isa = PBXFileReference; fileEncoding = 4; lastKnownFileType = sourcecode.c.objc; path = "UIImageView+AFNetworking.m"; sourceTree = "<group>"; };
		1D5E87DF18D0AA9B002503D5 /* Segue.app */ = {isa = PBXFileReference; explicitFileType = wrapper.application; includeInIndex = 0; path = Segue.app; sourceTree = BUILT_PRODUCTS_DIR; };
		1D5E87E218D0AA9B002503D5 /* Foundation.framework */ = {isa = PBXFileReference; lastKnownFileType = wrapper.framework; name = Foundation.framework; path = System/Library/Frameworks/Foundation.framework; sourceTree = SDKROOT; };
		1D5E87E418D0AA9B002503D5 /* CoreGraphics.framework */ = {isa = PBXFileReference; lastKnownFileType = wrapper.framework; name = CoreGraphics.framework; path = System/Library/Frameworks/CoreGraphics.framework; sourceTree = SDKROOT; };
		1D5E87E618D0AA9B002503D5 /* UIKit.framework */ = {isa = PBXFileReference; lastKnownFileType = wrapper.framework; name = UIKit.framework; path = System/Library/Frameworks/UIKit.framework; sourceTree = SDKROOT; };
		1D5E87EA18D0AA9B002503D5 /* Segue-Info.plist */ = {isa = PBXFileReference; lastKnownFileType = text.plist.xml; path = "Segue-Info.plist"; sourceTree = "<group>"; };
		1D5E87EC18D0AA9B002503D5 /* en */ = {isa = PBXFileReference; lastKnownFileType = text.plist.strings; name = en; path = en.lproj/InfoPlist.strings; sourceTree = "<group>"; };
		1D5E87EE18D0AA9B002503D5 /* main.m */ = {isa = PBXFileReference; lastKnownFileType = sourcecode.c.objc; path = main.m; sourceTree = "<group>"; };
		1D5E87F018D0AA9B002503D5 /* Segue-Prefix.pch */ = {isa = PBXFileReference; lastKnownFileType = sourcecode.c.h; path = "Segue-Prefix.pch"; sourceTree = "<group>"; };
		1D5E87F118D0AA9B002503D5 /* AppDelegate.h */ = {isa = PBXFileReference; lastKnownFileType = sourcecode.c.h; path = AppDelegate.h; sourceTree = "<group>"; };
		1D5E87F218D0AA9B002503D5 /* AppDelegate.m */ = {isa = PBXFileReference; lastKnownFileType = sourcecode.c.objc; path = AppDelegate.m; sourceTree = "<group>"; };
		1D5E87F518D0AA9B002503D5 /* Base */ = {isa = PBXFileReference; lastKnownFileType = file.storyboard; name = Base; path = Base.lproj/Main.storyboard; sourceTree = "<group>"; };
		1D5E87F718D0AA9B002503D5 /* ViewController.h */ = {isa = PBXFileReference; lastKnownFileType = sourcecode.c.h; path = ViewController.h; sourceTree = "<group>"; };
		1D5E87F818D0AA9B002503D5 /* ViewController.m */ = {isa = PBXFileReference; lastKnownFileType = sourcecode.c.objc; path = ViewController.m; sourceTree = "<group>"; };
		1D5E87FA18D0AA9B002503D5 /* Images.xcassets */ = {isa = PBXFileReference; lastKnownFileType = folder.assetcatalog; path = Images.xcassets; sourceTree = "<group>"; };
		1D5E880018D0AA9B002503D5 /* SegueTests.xctest */ = {isa = PBXFileReference; explicitFileType = wrapper.cfbundle; includeInIndex = 0; path = SegueTests.xctest; sourceTree = BUILT_PRODUCTS_DIR; };
		1D5E880118D0AA9B002503D5 /* XCTest.framework */ = {isa = PBXFileReference; lastKnownFileType = wrapper.framework; name = XCTest.framework; path = Library/Frameworks/XCTest.framework; sourceTree = DEVELOPER_DIR; };
		1D5E880918D0AA9B002503D5 /* SegueTests-Info.plist */ = {isa = PBXFileReference; lastKnownFileType = text.plist.xml; path = "SegueTests-Info.plist"; sourceTree = "<group>"; };
		1D5E880B18D0AA9B002503D5 /* en */ = {isa = PBXFileReference; lastKnownFileType = text.plist.strings; name = en; path = en.lproj/InfoPlist.strings; sourceTree = "<group>"; };
		1D5E880D18D0AA9B002503D5 /* SegueTests.m */ = {isa = PBXFileReference; lastKnownFileType = sourcecode.c.objc; path = SegueTests.m; sourceTree = "<group>"; };
		1D5E881A18D0AB26002503D5 /* Second_VC.h */ = {isa = PBXFileReference; fileEncoding = 4; lastKnownFileType = sourcecode.c.h; path = Second_VC.h; sourceTree = "<group>"; };
		1D5E881B18D0AB26002503D5 /* Second_VC.m */ = {isa = PBXFileReference; fileEncoding = 4; lastKnownFileType = sourcecode.c.objc; path = Second_VC.m; sourceTree = "<group>"; };
/* End PBXFileReference section */

/* Begin PBXFrameworksBuildPhase section */
		1D5E87DC18D0AA9B002503D5 /* Frameworks */ = {
			isa = PBXFrameworksBuildPhase;
			buildActionMask = 2147483647;
			files = (
				1D5E87E518D0AA9B002503D5 /* CoreGraphics.framework in Frameworks */,
				1D5E87E718D0AA9B002503D5 /* UIKit.framework in Frameworks */,
				1D5E87E318D0AA9B002503D5 /* Foundation.framework in Frameworks */,
			);
			runOnlyForDeploymentPostprocessing = 0;
		};
		1D5E87FD18D0AA9B002503D5 /* Frameworks */ = {
			isa = PBXFrameworksBuildPhase;
			buildActionMask = 2147483647;
			files = (
				1D5E880218D0AA9B002503D5 /* XCTest.framework in Frameworks */,
				1D5E880418D0AA9B002503D5 /* UIKit.framework in Frameworks */,
				1D5E880318D0AA9B002503D5 /* Foundation.framework in Frameworks */,
			);
			runOnlyForDeploymentPostprocessing = 0;
		};
/* End PBXFrameworksBuildPhase section */

/* Begin PBXGroup section */
		1D307E0C18D5F06B006DBFE5 /* AFNetworking */ = {
			isa = PBXGroup;
			children = (
				1D307E0D18D5F06B006DBFE5 /* AFHTTPRequestOperation.h */,
				1D307E0E18D5F06B006DBFE5 /* AFHTTPRequestOperation.m */,
				1D307E0F18D5F06B006DBFE5 /* AFHTTPRequestOperationManager.h */,
				1D307E1018D5F06B006DBFE5 /* AFHTTPRequestOperationManager.m */,
				1D307E1118D5F06B006DBFE5 /* AFHTTPSessionManager.h */,
				1D307E1218D5F06B006DBFE5 /* AFHTTPSessionManager.m */,
				1D307E1318D5F06B006DBFE5 /* AFNetworking.h */,
				1D307E1418D5F06B006DBFE5 /* AFNetworkReachabilityManager.h */,
				1D307E1518D5F06B006DBFE5 /* AFNetworkReachabilityManager.m */,
				1D307E1618D5F06B006DBFE5 /* AFSecurityPolicy.h */,
				1D307E1718D5F06B006DBFE5 /* AFSecurityPolicy.m */,
				1D307E1818D5F06B006DBFE5 /* AFURLConnectionOperation.h */,
				1D307E1918D5F06B006DBFE5 /* AFURLConnectionOperation.m */,
				1D307E1A18D5F06B006DBFE5 /* AFURLRequestSerialization.h */,
				1D307E1B18D5F06B006DBFE5 /* AFURLRequestSerialization.m */,
				1D307E1C18D5F06B006DBFE5 /* AFURLResponseSerialization.h */,
				1D307E1D18D5F06B006DBFE5 /* AFURLResponseSerialization.m */,
				1D307E1E18D5F06B006DBFE5 /* AFURLSessionManager.h */,
				1D307E1F18D5F06B006DBFE5 /* AFURLSessionManager.m */,
				1D307E2018D5F06B006DBFE5 /* UIImageView+AFNetworking.h */,
				1D307E2118D5F06B006DBFE5 /* UIImageView+AFNetworking.m */,
			);
			path = AFNetworking;
			sourceTree = "<group>";
		};
		1D5E87D618D0AA9B002503D5 = {
			isa = PBXGroup;
			children = (
				1D5E87E818D0AA9B002503D5 /* Segue */,
				1D5E880718D0AA9B002503D5 /* SegueTests */,
				1D5E87E118D0AA9B002503D5 /* Frameworks */,
				1D5E87E018D0AA9B002503D5 /* Products */,
			);
			sourceTree = "<group>";
		};
		1D5E87E018D0AA9B002503D5 /* Products */ = {
			isa = PBXGroup;
			children = (
				1D5E87DF18D0AA9B002503D5 /* Segue.app */,
				1D5E880018D0AA9B002503D5 /* SegueTests.xctest */,
			);
			name = Products;
			sourceTree = "<group>";
		};
		1D5E87E118D0AA9B002503D5 /* Frameworks */ = {
			isa = PBXGroup;
			children = (
				1D5E87E218D0AA9B002503D5 /* Foundation.framework */,
				1D5E87E418D0AA9B002503D5 /* CoreGraphics.framework */,
				1D5E87E618D0AA9B002503D5 /* UIKit.framework */,
				1D5E880118D0AA9B002503D5 /* XCTest.framework */,
			);
			name = Frameworks;
			sourceTree = "<group>";
		};
		1D5E87E818D0AA9B002503D5 /* Segue */ = {
			isa = PBXGroup;
			children = (
				1D5E87F118D0AA9B002503D5 /* AppDelegate.h */,
				1D5E87F218D0AA9B002503D5 /* AppDelegate.m */,
				1D5E87F418D0AA9B002503D5 /* Main.storyboard */,
				1D5E87F718D0AA9B002503D5 /* ViewController.h */,
				1D5E87F818D0AA9B002503D5 /* ViewController.m */,
				1D5E881A18D0AB26002503D5 /* Second_VC.h */,
				1D5E881B18D0AB26002503D5 /* Second_VC.m */,
				1D307E0718D5CE1C006DBFE5 /* CABasicAnimation+Block.h */,
				1D307E0818D5CE1C006DBFE5 /* CABasicAnimation+Block.m */,
				1D307E0518D595C0006DBFE5 /* circle.png */,
				1D307E0C18D5F06B006DBFE5 /* AFNetworking */,
				1D5E87FA18D0AA9B002503D5 /* Images.xcassets */,
				1D5E87E918D0AA9B002503D5 /* Supporting Files */,
			);
			path = Segue;
			sourceTree = "<group>";
		};
		1D5E87E918D0AA9B002503D5 /* Supporting Files */ = {
			isa = PBXGroup;
			children = (
				1D5E87EA18D0AA9B002503D5 /* Segue-Info.plist */,
				1D5E87EB18D0AA9B002503D5 /* InfoPlist.strings */,
				1D5E87EE18D0AA9B002503D5 /* main.m */,
				1D5E87F018D0AA9B002503D5 /* Segue-Prefix.pch */,
			);
			name = "Supporting Files";
			sourceTree = "<group>";
		};
		1D5E880718D0AA9B002503D5 /* SegueTests */ = {
			isa = PBXGroup;
			children = (
				1D5E880D18D0AA9B002503D5 /* SegueTests.m */,
				1D5E880818D0AA9B002503D5 /* Supporting Files */,
			);
			path = SegueTests;
			sourceTree = "<group>";
		};
		1D5E880818D0AA9B002503D5 /* Supporting Files */ = {
			isa = PBXGroup;
			children = (
				1D5E880918D0AA9B002503D5 /* SegueTests-Info.plist */,
				1D5E880A18D0AA9B002503D5 /* InfoPlist.strings */,
			);
			name = "Supporting Files";
			sourceTree = "<group>";
		};
/* End PBXGroup section */

/* Begin PBXNativeTarget section */
		1D5E87DE18D0AA9B002503D5 /* Segue */ = {
			isa = PBXNativeTarget;
			buildConfigurationList = 1D5E881118D0AA9B002503D5 /* Build configuration list for PBXNativeTarget "Segue" */;
			buildPhases = (
				1D5E87DB18D0AA9B002503D5 /* Sources */,
				1D5E87DC18D0AA9B002503D5 /* Frameworks */,
				1D5E87DD18D0AA9B002503D5 /* Resources */,
			);
			buildRules = (
			);
			dependencies = (
			);
			name = Segue;
			productName = Segue;
			productReference = 1D5E87DF18D0AA9B002503D5 /* Segue.app */;
			productType = "com.apple.product-type.application";
		};
		1D5E87FF18D0AA9B002503D5 /* SegueTests */ = {
			isa = PBXNativeTarget;
			buildConfigurationList = 1D5E881418D0AA9B002503D5 /* Build configuration list for PBXNativeTarget "SegueTests" */;
			buildPhases = (
				1D5E87FC18D0AA9B002503D5 /* Sources */,
				1D5E87FD18D0AA9B002503D5 /* Frameworks */,
				1D5E87FE18D0AA9B002503D5 /* Resources */,
			);
			buildRules = (
			);
			dependencies = (
				1D5E880618D0AA9B002503D5 /* PBXTargetDependency */,
			);
			name = SegueTests;
			productName = SegueTests;
			productReference = 1D5E880018D0AA9B002503D5 /* SegueTests.xctest */;
			productType = "com.apple.product-type.bundle.unit-test";
		};
/* End PBXNativeTarget section */

/* Begin PBXProject section */
		1D5E87D718D0AA9B002503D5 /* Project object */ = {
			isa = PBXProject;
			attributes = {
				LastUpgradeCheck = 0510;
				ORGANIZATIONNAME = FalconsSoft;
				TargetAttributes = {
					1D5E87FF18D0AA9B002503D5 = {
						TestTargetID = 1D5E87DE18D0AA9B002503D5;
					};
				};
			};
			buildConfigurationList = 1D5E87DA18D0AA9B002503D5 /* Build configuration list for PBXProject "Segue" */;
			compatibilityVersion = "Xcode 3.2";
			developmentRegion = English;
			hasScannedForEncodings = 0;
			knownRegions = (
				en,
				Base,
			);
			mainGroup = 1D5E87D618D0AA9B002503D5;
			productRefGroup = 1D5E87E018D0AA9B002503D5 /* Products */;
			projectDirPath = "";
			projectRoot = "";
			targets = (
				1D5E87DE18D0AA9B002503D5 /* Segue */,
				1D5E87FF18D0AA9B002503D5 /* SegueTests */,
			);
		};
/* End PBXProject section */

/* Begin PBXResourcesBuildPhase section */
		1D5E87DD18D0AA9B002503D5 /* Resources */ = {
			isa = PBXResourcesBuildPhase;
			buildActionMask = 2147483647;
			files = (
				1D5E87FB18D0AA9B002503D5 /* Images.xcassets in Resources */,
				1D5E87ED18D0AA9B002503D5 /* InfoPlist.strings in Resources */,
				1D5E87F618D0AA9B002503D5 /* Main.storyboard in Resources */,
				1D307E0618D595C0006DBFE5 /* circle.png in Resources */,
			);
			runOnlyForDeploymentPostprocessing = 0;
		};
		1D5E87FE18D0AA9B002503D5 /* Resources */ = {
			isa = PBXResourcesBuildPhase;
			buildActionMask = 2147483647;
			files = (
				1D5E880C18D0AA9B002503D5 /* InfoPlist.strings in Resources */,
			);
			runOnlyForDeploymentPostprocessing = 0;
		};
/* End PBXResourcesBuildPhase section */

/* Begin PBXSourcesBuildPhase section */
		1D5E87DB18D0AA9B002503D5 /* Sources */ = {
			isa = PBXSourcesBuildPhase;
			buildActionMask = 2147483647;
			files = (
				1D307E2718D5F06B006DBFE5 /* AFURLConnectionOperation.m in Sources */,
				1D307E2B18D5F06B006DBFE5 /* UIImageView+AFNetworking.m in Sources */,
				1D307E2218D5F06B006DBFE5 /* AFHTTPRequestOperation.m in Sources */,
				1D307E2518D5F06B006DBFE5 /* AFNetworkReachabilityManager.m in Sources */,
				1D307E2A18D5F06B006DBFE5 /* AFURLSessionManager.m in Sources */,
				1D307E2818D5F06B006DBFE5 /* AFURLRequestSerialization.m in Sources */,
				1D5E87F918D0AA9B002503D5 /* ViewController.m in Sources */,
				1D307E2918D5F06B006DBFE5 /* AFURLResponseSerialization.m in Sources */,
				1D5E87F318D0AA9B002503D5 /* AppDelegate.m in Sources */,
				1D5E881C18D0AB26002503D5 /* Second_VC.m in Sources */,
				1D307E2318D5F06B006DBFE5 /* AFHTTPRequestOperationManager.m in Sources */,
				1D307E2618D5F06B006DBFE5 /* AFSecurityPolicy.m in Sources */,
				1D307E0918D5CE1C006DBFE5 /* CABasicAnimation+Block.m in Sources */,
				1D5E87EF18D0AA9B002503D5 /* main.m in Sources */,
				1D307E2418D5F06B006DBFE5 /* AFHTTPSessionManager.m in Sources */,
			);
			runOnlyForDeploymentPostprocessing = 0;
		};
		1D5E87FC18D0AA9B002503D5 /* Sources */ = {
			isa = PBXSourcesBuildPhase;
			buildActionMask = 2147483647;
			files = (
				1D5E880E18D0AA9B002503D5 /* SegueTests.m in Sources */,
			);
			runOnlyForDeploymentPostprocessing = 0;
		};
/* End PBXSourcesBuildPhase section */

/* Begin PBXTargetDependency section */
		1D5E880618D0AA9B002503D5 /* PBXTargetDependency */ = {
			isa = PBXTargetDependency;
			target = 1D5E87DE18D0AA9B002503D5 /* Segue */;
			targetProxy = 1D5E880518D0AA9B002503D5 /* PBXContainerItemProxy */;
		};
/* End PBXTargetDependency section */

/* Begin PBXVariantGroup section */
		1D5E87EB18D0AA9B002503D5 /* InfoPlist.strings */ = {
			isa = PBXVariantGroup;
			children = (
				1D5E87EC18D0AA9B002503D5 /* en */,
			);
			name = InfoPlist.strings;
			sourceTree = "<group>";
		};
		1D5E87F418D0AA9B002503D5 /* Main.storyboard */ = {
			isa = PBXVariantGroup;
			children = (
				1D5E87F518D0AA9B002503D5 /* Base */,
			);
			name = Main.storyboard;
			sourceTree = "<group>";
		};
		1D5E880A18D0AA9B002503D5 /* InfoPlist.strings */ = {
			isa = PBXVariantGroup;
			children = (
				1D5E880B18D0AA9B002503D5 /* en */,
			);
			name = InfoPlist.strings;
			sourceTree = "<group>";
		};
/* End PBXVariantGroup section */

/* Begin XCBuildConfiguration section */
		1D5E880F18D0AA9B002503D5 /* Debug */ = {
			isa = XCBuildConfiguration;
			buildSettings = {
				ALWAYS_SEARCH_USER_PATHS = NO;
				CLANG_CXX_LANGUAGE_STANDARD = "gnu++0x";
				CLANG_CXX_LIBRARY = "libc++";
				CLANG_ENABLE_MODULES = YES;
				CLANG_ENABLE_OBJC_ARC = YES;
				CLANG_WARN_BOOL_CONVERSION = YES;
				CLANG_WARN_CONSTANT_CONVERSION = YES;
				CLANG_WARN_DIRECT_OBJC_ISA_USAGE = YES_ERROR;
				CLANG_WARN_EMPTY_BODY = YES;
				CLANG_WARN_ENUM_CONVERSION = YES;
				CLANG_WARN_INT_CONVERSION = YES;
				CLANG_WARN_OBJC_ROOT_CLASS = YES_ERROR;
				CLANG_WARN__DUPLICATE_METHOD_MATCH = YES;
				"CODE_SIGN_IDENTITY[sdk=iphoneos*]" = "iPhone Developer";
				COPY_PHASE_STRIP = NO;
				GCC_C_LANGUAGE_STANDARD = gnu99;
				GCC_DYNAMIC_NO_PIC = NO;
				GCC_OPTIMIZATION_LEVEL = 0;
				GCC_PREPROCESSOR_DEFINITIONS = (
					"DEBUG=1",
					"$(inherited)",
				);
				GCC_SYMBOLS_PRIVATE_EXTERN = NO;
				GCC_WARN_64_TO_32_BIT_CONVERSION = YES;
				GCC_WARN_ABOUT_RETURN_TYPE = YES_ERROR;
				GCC_WARN_UNDECLARED_SELECTOR = YES;
				GCC_WARN_UNINITIALIZED_AUTOS = YES_AGGRESSIVE;
				GCC_WARN_UNUSED_FUNCTION = YES;
				GCC_WARN_UNUSED_VARIABLE = YES;
				IPHONEOS_DEPLOYMENT_TARGET = 7.1;
				ONLY_ACTIVE_ARCH = YES;
				SDKROOT = iphoneos;
			};
			name = Debug;
		};
		1D5E881018D0AA9B002503D5 /* Release */ = {
			isa = XCBuildConfiguration;
			buildSettings = {
				ALWAYS_SEARCH_USER_PATHS = NO;
				CLANG_CXX_LANGUAGE_STANDARD = "gnu++0x";
				CLANG_CXX_LIBRARY = "libc++";
				CLANG_ENABLE_MODULES = YES;
				CLANG_ENABLE_OBJC_ARC = YES;
				CLANG_WARN_BOOL_CONVERSION = YES;
				CLANG_WARN_CONSTANT_CONVERSION = YES;
				CLANG_WARN_DIRECT_OBJC_ISA_USAGE = YES_ERROR;
				CLANG_WARN_EMPTY_BODY = YES;
				CLANG_WARN_ENUM_CONVERSION = YES;
				CLANG_WARN_INT_CONVERSION = YES;
				CLANG_WARN_OBJC_ROOT_CLASS = YES_ERROR;
				CLANG_WARN__DUPLICATE_METHOD_MATCH = YES;
				"CODE_SIGN_IDENTITY[sdk=iphoneos*]" = "iPhone Developer";
				COPY_PHASE_STRIP = YES;
				ENABLE_NS_ASSERTIONS = NO;
				GCC_C_LANGUAGE_STANDARD = gnu99;
				GCC_WARN_64_TO_32_BIT_CONVERSION = YES;
				GCC_WARN_ABOUT_RETURN_TYPE = YES_ERROR;
				GCC_WARN_UNDECLARED_SELECTOR = YES;
				GCC_WARN_UNINITIALIZED_AUTOS = YES_AGGRESSIVE;
				GCC_WARN_UNUSED_FUNCTION = YES;
				GCC_WARN_UNUSED_VARIABLE = YES;
				IPHONEOS_DEPLOYMENT_TARGET = 7.1;
				SDKROOT = iphoneos;
				VALIDATE_PRODUCT = YES;
			};
			name = Release;
		};
		1D5E881218D0AA9B002503D5 /* Debug */ = {
			isa = XCBuildConfiguration;
			buildSettings = {
				ASSETCATALOG_COMPILER_APPICON_NAME = AppIcon;
				ASSETCATALOG_COMPILER_LAUNCHIMAGE_NAME = LaunchImage;
				GCC_PRECOMPILE_PREFIX_HEADER = YES;
				GCC_PREFIX_HEADER = "Segue/Segue-Prefix.pch";
				INFOPLIST_FILE = "Segue/Segue-Info.plist";
				IPHONEOS_DEPLOYMENT_TARGET = 7.1;
				PRODUCT_NAME = "$(TARGET_NAME)";
				TARGETED_DEVICE_FAMILY = 2;
				WRAPPER_EXTENSION = app;
			};
			name = Debug;
		};
		1D5E881318D0AA9B002503D5 /* Release */ = {
			isa = XCBuildConfiguration;
			buildSettings = {
				ASSETCATALOG_COMPILER_APPICON_NAME = AppIcon;
				ASSETCATALOG_COMPILER_LAUNCHIMAGE_NAME = LaunchImage;
				GCC_PRECOMPILE_PREFIX_HEADER = YES;
				GCC_PREFIX_HEADER = "Segue/Segue-Prefix.pch";
				INFOPLIST_FILE = "Segue/Segue-Info.plist";
				IPHONEOS_DEPLOYMENT_TARGET = 7.1;
				PRODUCT_NAME = "$(TARGET_NAME)";
				TARGETED_DEVICE_FAMILY = 2;
				WRAPPER_EXTENSION = app;
			};
			name = Release;
		};
		1D5E881518D0AA9B002503D5 /* Debug */ = {
			isa = XCBuildConfiguration;
			buildSettings = {
				BUNDLE_LOADER = "$(BUILT_PRODUCTS_DIR)/Segue.app/Segue";
				FRAMEWORK_SEARCH_PATHS = (
					"$(SDKROOT)/Developer/Library/Frameworks",
					"$(inherited)",
					"$(DEVELOPER_FRAMEWORKS_DIR)",
				);
				GCC_PRECOMPILE_PREFIX_HEADER = YES;
				GCC_PREFIX_HEADER = "Segue/Segue-Prefix.pch";
				GCC_PREPROCESSOR_DEFINITIONS = (
					"DEBUG=1",
					"$(inherited)",
				);
				INFOPLIST_FILE = "SegueTests/SegueTests-Info.plist";
				PRODUCT_NAME = "$(TARGET_NAME)";
				TEST_HOST = "$(BUNDLE_LOADER)";
				WRAPPER_EXTENSION = xctest;
			};
			name = Debug;
		};
		1D5E881618D0AA9B002503D5 /* Release */ = {
			isa = XCBuildConfiguration;
			buildSettings = {
				BUNDLE_LOADER = "$(BUILT_PRODUCTS_DIR)/Segue.app/Segue";
				FRAMEWORK_SEARCH_PATHS = (
					"$(SDKROOT)/Developer/Library/Frameworks",
					"$(inherited)",
					"$(DEVELOPER_FRAMEWORKS_DIR)",
				);
				GCC_PRECOMPILE_PREFIX_HEADER = YES;
				GCC_PREFIX_HEADER = "Segue/Segue-Prefix.pch";
				INFOPLIST_FILE = "SegueTests/SegueTests-Info.plist";
				PRODUCT_NAME = "$(TARGET_NAME)";
				TEST_HOST = "$(BUNDLE_LOADER)";
				WRAPPER_EXTENSION = xctest;
			};
			name = Release;
		};
/* End XCBuildConfiguration section */

/* Begin XCConfigurationList section */
		1D5E87DA18D0AA9B002503D5 /* Build configuration list for PBXProject "Segue" */ = {
			isa = XCConfigurationList;
			buildConfigurations = (
				1D5E880F18D0AA9B002503D5 /* Debug */,
				1D5E881018D0AA9B002503D5 /* Release */,
			);
			defaultConfigurationIsVisible = 0;
			defaultConfigurationName = Debug;
		};
		1D5E881118D0AA9B002503D5 /* Build configuration list for PBXNativeTarget "Segue" */ = {
			isa = XCConfigurationList;
			buildConfigurations = (
				1D5E881218D0AA9B002503D5 /* Debug */,
				1D5E881318D0AA9B002503D5 /* Release */,
			);
			defaultConfigurationIsVisible = 0;
			defaultConfigurationName = Debug;
		};
		1D5E881418D0AA9B002503D5 /* Build configuration list for PBXNativeTarget "SegueTests" */ = {
			isa = XCConfigurationList;
			buildConfigurations = (
				1D5E881518D0AA9B002503D5 /* Debug */,
				1D5E881618D0AA9B002503D5 /* Release */,
			);
			defaultConfigurationIsVisible = 0;
			defaultConfigurationName = Debug;
		};
/* End XCConfigurationList section */
	};
	rootObject = 1D5E87D718D0AA9B002503D5 /* Project object */;
}
